// !$*UTF8*$!
{
	archiveVersion = 1;
	classes = {
	};
	objectVersion = 77;
	objects = {

/* Begin PBXBuildFile section */
		FBF0A4172E67911B00BEAB3C /* ComposableArchitecture in Frameworks */ = {isa = PBXBuildFile; productRef = FBF0A4162E67911B00BEAB3C /* ComposableArchitecture */; };
/* End PBXBuildFile section */

/* Begin PBXContainerItemProxy section */
		FBF0A3C22E6747F900BEAB3C /* PBXContainerItemProxy */ = {
			isa = PBXContainerItemProxy;
			containerPortal = FBF0A3A62E6747F700BEAB3C /* Project object */;
			proxyType = 1;
			remoteGlobalIDString = FBF0A3AD2E6747F700BEAB3C;
			remoteInfo = "Challenge-Cat-API";
		};
		FBF0A3CC2E6747F900BEAB3C /* PBXContainerItemProxy */ = {
			isa = PBXContainerItemProxy;
			containerPortal = FBF0A3A62E6747F700BEAB3C /* Project object */;
			proxyType = 1;
			remoteGlobalIDString = FBF0A3AD2E6747F700BEAB3C;
			remoteInfo = "Challenge-Cat-API";
		};
/* End PBXContainerItemProxy section */

/* Begin PBXFileReference section */
		FBF0A3AE2E6747F700BEAB3C /* Challenge-Cat-API.app */ = {isa = PBXFileReference; explicitFileType = wrapper.application; includeInIndex = 0; path = "Challenge-Cat-API.app"; sourceTree = BUILT_PRODUCTS_DIR; };
		FBF0A3C12E6747F900BEAB3C /* Challenge-Cat-APITests.xctest */ = {isa = PBXFileReference; explicitFileType = wrapper.cfbundle; includeInIndex = 0; path = "Challenge-Cat-APITests.xctest"; sourceTree = BUILT_PRODUCTS_DIR; };
		FBF0A3CB2E6747F900BEAB3C /* Challenge-Cat-APIUITests.xctest */ = {isa = PBXFileReference; explicitFileType = wrapper.cfbundle; includeInIndex = 0; path = "Challenge-Cat-APIUITests.xctest"; sourceTree = BUILT_PRODUCTS_DIR; };
/* End PBXFileReference section */

/* Begin PBXFileSystemSynchronizedRootGroup section */
		FBF0A3B02E6747F700BEAB3C /* Challenge-Cat-API */ = {
			isa = PBXFileSystemSynchronizedRootGroup;
			path = "Challenge-Cat-API";
			sourceTree = "<group>";
		};
		FBF0A3C42E6747F900BEAB3C /* Challenge-Cat-APITests */ = {
			isa = PBXFileSystemSynchronizedRootGroup;
			path = "Challenge-Cat-APITests";
			sourceTree = "<group>";
		};
		FBF0A3CE2E6747F900BEAB3C /* Challenge-Cat-APIUITests */ = {
			isa = PBXFileSystemSynchronizedRootGroup;
			path = "Challenge-Cat-APIUITests";
			sourceTree = "<group>";
		};
/* End PBXFileSystemSynchronizedRootGroup section */

/* Begin PBXFrameworksBuildPhase section */
		FBF0A3AB2E6747F700BEAB3C /* Frameworks */ = {
			isa = PBXFrameworksBuildPhase;
			buildActionMask = 2147483647;
			files = (
				FBF0A4172E67911B00BEAB3C /* ComposableArchitecture in Frameworks */,
			);
			runOnlyForDeploymentPostprocessing = 0;
		};
		FBF0A3BE2E6747F900BEAB3C /* Frameworks */ = {
			isa = PBXFrameworksBuildPhase;
			buildActionMask = 2147483647;
			files = (
			);
			runOnlyForDeploymentPostprocessing = 0;
		};
		FBF0A3C82E6747F900BEAB3C /* Frameworks */ = {
			isa = PBXFrameworksBuildPhase;
			buildActionMask = 2147483647;
			files = (
			);
			runOnlyForDeploymentPostprocessing = 0;
		};
/* End PBXFrameworksBuildPhase section */

/* Begin PBXGroup section */
		FBF0A3A52E6747F700BEAB3C = {
			isa = PBXGroup;
			children = (
				FBF0A3B02E6747F700BEAB3C /* Challenge-Cat-API */,
				FBF0A3C42E6747F900BEAB3C /* Challenge-Cat-APITests */,
				FBF0A3CE2E6747F900BEAB3C /* Challenge-Cat-APIUITests */,
				FBF0A3AF2E6747F700BEAB3C /* Products */,
			);
			sourceTree = "<group>";
		};
		FBF0A3AF2E6747F700BEAB3C /* Products */ = {
			isa = PBXGroup;
			children = (
				FBF0A3AE2E6747F700BEAB3C /* Challenge-Cat-API.app */,
				FBF0A3C12E6747F900BEAB3C /* Challenge-Cat-APITests.xctest */,
				FBF0A3CB2E6747F900BEAB3C /* Challenge-Cat-APIUITests.xctest */,
			);
			name = Products;
			sourceTree = "<group>";
		};
/* End PBXGroup section */

/* Begin PBXNativeTarget section */
		FBF0A3AD2E6747F700BEAB3C /* Challenge-Cat-API */ = {
			isa = PBXNativeTarget;
			buildConfigurationList = FBF0A3D52E6747F900BEAB3C /* Build configuration list for PBXNativeTarget "Challenge-Cat-API" */;
			buildPhases = (
				FBF0A3AA2E6747F700BEAB3C /* Sources */,
				FBF0A3AB2E6747F700BEAB3C /* Frameworks */,
				FBF0A3AC2E6747F700BEAB3C /* Resources */,
			);
			buildRules = (
			);
			dependencies = (
			);
			fileSystemSynchronizedGroups = (
				FBF0A3B02E6747F700BEAB3C /* Challenge-Cat-API */,
			);
			name = "Challenge-Cat-API";
			packageProductDependencies = (
				FBF0A4162E67911B00BEAB3C /* ComposableArchitecture */,
			);
			productName = "Challenge-Cat-API";
			productReference = FBF0A3AE2E6747F700BEAB3C /* Challenge-Cat-API.app */;
			productType = "com.apple.product-type.application";
		};
		FBF0A3C02E6747F900BEAB3C /* Challenge-Cat-APITests */ = {
			isa = PBXNativeTarget;
			buildConfigurationList = FBF0A3D82E6747F900BEAB3C /* Build configuration list for PBXNativeTarget "Challenge-Cat-APITests" */;
			buildPhases = (
				FBF0A3BD2E6747F900BEAB3C /* Sources */,
				FBF0A3BE2E6747F900BEAB3C /* Frameworks */,
				FBF0A3BF2E6747F900BEAB3C /* Resources */,
			);
			buildRules = (
			);
			dependencies = (
				FBF0A3C32E6747F900BEAB3C /* PBXTargetDependency */,
			);
			fileSystemSynchronizedGroups = (
				FBF0A3C42E6747F900BEAB3C /* Challenge-Cat-APITests */,
			);
			name = "Challenge-Cat-APITests";
			packageProductDependencies = (
			);
			productName = "Challenge-Cat-APITests";
			productReference = FBF0A3C12E6747F900BEAB3C /* Challenge-Cat-APITests.xctest */;
			productType = "com.apple.product-type.bundle.unit-test";
		};
		FBF0A3CA2E6747F900BEAB3C /* Challenge-Cat-APIUITests */ = {
			isa = PBXNativeTarget;
			buildConfigurationList = FBF0A3DB2E6747F900BEAB3C /* Build configuration list for PBXNativeTarget "Challenge-Cat-APIUITests" */;
			buildPhases = (
				FBF0A3C72E6747F900BEAB3C /* Sources */,
				FBF0A3C82E6747F900BEAB3C /* Frameworks */,
				FBF0A3C92E6747F900BEAB3C /* Resources */,
			);
			buildRules = (
			);
			dependencies = (
				FBF0A3CD2E6747F900BEAB3C /* PBXTargetDependency */,
			);
			fileSystemSynchronizedGroups = (
				FBF0A3CE2E6747F900BEAB3C /* Challenge-Cat-APIUITests */,
			);
			name = "Challenge-Cat-APIUITests";
			packageProductDependencies = (
			);
			productName = "Challenge-Cat-APIUITests";
			productReference = FBF0A3CB2E6747F900BEAB3C /* Challenge-Cat-APIUITests.xctest */;
			productType = "com.apple.product-type.bundle.ui-testing";
		};
/* End PBXNativeTarget section */

/* Begin PBXProject section */
		FBF0A3A62E6747F700BEAB3C /* Project object */ = {
			isa = PBXProject;
			attributes = {
				BuildIndependentTargetsInParallel = 1;
				LastSwiftUpdateCheck = 1640;
				LastUpgradeCheck = 1640;
				TargetAttributes = {
					FBF0A3AD2E6747F700BEAB3C = {
						CreatedOnToolsVersion = 16.4;
					};
					FBF0A3C02E6747F900BEAB3C = {
						CreatedOnToolsVersion = 16.4;
						TestTargetID = FBF0A3AD2E6747F700BEAB3C;
					};
					FBF0A3CA2E6747F900BEAB3C = {
						CreatedOnToolsVersion = 16.4;
						TestTargetID = FBF0A3AD2E6747F700BEAB3C;
					};
				};
			};
			buildConfigurationList = FBF0A3A92E6747F700BEAB3C /* Build configuration list for PBXProject "Challenge-Cat-API" */;
			developmentRegion = en;
			hasScannedForEncodings = 0;
			knownRegions = (
				en,
				Base,
			);
			mainGroup = FBF0A3A52E6747F700BEAB3C;
			minimizedProjectReferenceProxies = 1;
			packageReferences = (
				FBF0A4152E67911B00BEAB3C /* XCRemoteSwiftPackageReference "swift-composable-architecture" */,
			);
			preferredProjectObjectVersion = 77;
			productRefGroup = FBF0A3AF2E6747F700BEAB3C /* Products */;
			projectDirPath = "";
			projectRoot = "";
			targets = (
				FBF0A3AD2E6747F700BEAB3C /* Challenge-Cat-API */,
				FBF0A3C02E6747F900BEAB3C /* Challenge-Cat-APITests */,
				FBF0A3CA2E6747F900BEAB3C /* Challenge-Cat-APIUITests */,
			);
		};
/* End PBXProject section */

/* Begin PBXResourcesBuildPhase section */
		FBF0A3AC2E6747F700BEAB3C /* Resources */ = {
			isa = PBXResourcesBuildPhase;
			buildActionMask = 2147483647;
			files = (
			);
			runOnlyForDeploymentPostprocessing = 0;
		};
		FBF0A3BF2E6747F900BEAB3C /* Resources */ = {
			isa = PBXResourcesBuildPhase;
			buildActionMask = 2147483647;
			files = (
			);
			runOnlyForDeploymentPostprocessing = 0;
		};
		FBF0A3C92E6747F900BEAB3C /* Resources */ = {
			isa = PBXResourcesBuildPhase;
			buildActionMask = 2147483647;
			files = (
			);
			runOnlyForDeploymentPostprocessing = 0;
		};
/* End PBXResourcesBuildPhase section */

/* Begin PBXSourcesBuildPhase section */
		FBF0A3AA2E6747F700BEAB3C /* Sources */ = {
			isa = PBXSourcesBuildPhase;
			buildActionMask = 2147483647;
			files = (
			);
			runOnlyForDeploymentPostprocessing = 0;
		};
		FBF0A3BD2E6747F900BEAB3C /* Sources */ = {
			isa = PBXSourcesBuildPhase;
			buildActionMask = 2147483647;
			files = (
			);
			runOnlyForDeploymentPostprocessing = 0;
		};
		FBF0A3C72E6747F900BEAB3C /* Sources */ = {
			isa = PBXSourcesBuildPhase;
			buildActionMask = 2147483647;
			files = (
			);
			runOnlyForDeploymentPostprocessing = 0;
		};
/* End PBXSourcesBuildPhase section */

/* Begin PBXTargetDependency section */
		FBF0A3C32E6747F900BEAB3C /* PBXTargetDependency */ = {
			isa = PBXTargetDependency;
			target = FBF0A3AD2E6747F700BEAB3C /* Challenge-Cat-API */;
			targetProxy = FBF0A3C22E6747F900BEAB3C /* PBXContainerItemProxy */;
		};
		FBF0A3CD2E6747F900BEAB3C /* PBXTargetDependency */ = {
			isa = PBXTargetDependency;
			target = FBF0A3AD2E6747F700BEAB3C /* Challenge-Cat-API */;
			targetProxy = FBF0A3CC2E6747F900BEAB3C /* PBXContainerItemProxy */;
		};
/* End PBXTargetDependency section */

/* Begin XCBuildConfiguration section */
		FBF0A3D32E6747F900BEAB3C /* Debug */ = {
			isa = XCBuildConfiguration;
			buildSettings = {
				ALWAYS_SEARCH_USER_PATHS = NO;
				ASSETCATALOG_COMPILER_GENERATE_SWIFT_ASSET_SYMBOL_EXTENSIONS = YES;
				CLANG_ANALYZER_NONNULL = YES;
				CLANG_ANALYZER_NUMBER_OBJECT_CONVERSION = YES_AGGRESSIVE;
				CLANG_CXX_LANGUAGE_STANDARD = "gnu++20";
				CLANG_ENABLE_MODULES = YES;
				CLANG_ENABLE_OBJC_ARC = YES;
				CLANG_ENABLE_OBJC_WEAK = YES;
				CLANG_WARN_BLOCK_CAPTURE_AUTORELEASING = YES;
				CLANG_WARN_BOOL_CONVERSION = YES;
				CLANG_WARN_COMMA = YES;
				CLANG_WARN_CONSTANT_CONVERSION = YES;
				CLANG_WARN_DEPRECATED_OBJC_IMPLEMENTATIONS = YES;
				CLANG_WARN_DIRECT_OBJC_ISA_USAGE = YES_ERROR;
				CLANG_WARN_DOCUMENTATION_COMMENTS = YES;
				CLANG_WARN_EMPTY_BODY = YES;
				CLANG_WARN_ENUM_CONVERSION = YES;
				CLANG_WARN_INFINITE_RECURSION = YES;
				CLANG_WARN_INT_CONVERSION = YES;
				CLANG_WARN_NON_LITERAL_NULL_CONVERSION = YES;
				CLANG_WARN_OBJC_IMPLICIT_RETAIN_SELF = YES;
				CLANG_WARN_OBJC_LITERAL_CONVERSION = YES;
				CLANG_WARN_OBJC_ROOT_CLASS = YES_ERROR;
				CLANG_WARN_QUOTED_INCLUDE_IN_FRAMEWORK_HEADER = YES;
				CLANG_WARN_RANGE_LOOP_ANALYSIS = YES;
				CLANG_WARN_STRICT_PROTOTYPES = YES;
				CLANG_WARN_SUSPICIOUS_MOVE = YES;
				CLANG_WARN_UNGUARDED_AVAILABILITY = YES_AGGRESSIVE;
				CLANG_WARN_UNREACHABLE_CODE = YES;
				CLANG_WARN__DUPLICATE_METHOD_MATCH = YES;
				COPY_PHASE_STRIP = NO;
				DEBUG_INFORMATION_FORMAT = dwarf;
				ENABLE_STRICT_OBJC_MSGSEND = YES;
				ENABLE_TESTABILITY = YES;
				ENABLE_USER_SCRIPT_SANDBOXING = YES;
				GCC_C_LANGUAGE_STANDARD = gnu17;
				GCC_DYNAMIC_NO_PIC = NO;
				GCC_NO_COMMON_BLOCKS = YES;
				GCC_OPTIMIZATION_LEVEL = 0;
				GCC_PREPROCESSOR_DEFINITIONS = (
					"DEBUG=1",
					"$(inherited)",
				);
				GCC_WARN_64_TO_32_BIT_CONVERSION = YES;
				GCC_WARN_ABOUT_RETURN_TYPE = YES_ERROR;
				GCC_WARN_UNDECLARED_SELECTOR = YES;
				GCC_WARN_UNINITIALIZED_AUTOS = YES_AGGRESSIVE;
				GCC_WARN_UNUSED_FUNCTION = YES;
				GCC_WARN_UNUSED_VARIABLE = YES;
				LOCALIZATION_PREFERS_STRING_CATALOGS = YES;
				MTL_ENABLE_DEBUG_INFO = INCLUDE_SOURCE;
				MTL_FAST_MATH = YES;
				ONLY_ACTIVE_ARCH = YES;
				SWIFT_ACTIVE_COMPILATION_CONDITIONS = "DEBUG $(inherited)";
				SWIFT_OPTIMIZATION_LEVEL = "-Onone";
			};
			name = Debug;
		};
		FBF0A3D42E6747F900BEAB3C /* Release */ = {
			isa = XCBuildConfiguration;
			buildSettings = {
				ALWAYS_SEARCH_USER_PATHS = NO;
				ASSETCATALOG_COMPILER_GENERATE_SWIFT_ASSET_SYMBOL_EXTENSIONS = YES;
				CLANG_ANALYZER_NONNULL = YES;
				CLANG_ANALYZER_NUMBER_OBJECT_CONVERSION = YES_AGGRESSIVE;
				CLANG_CXX_LANGUAGE_STANDARD = "gnu++20";
				CLANG_ENABLE_MODULES = YES;
				CLANG_ENABLE_OBJC_ARC = YES;
				CLANG_ENABLE_OBJC_WEAK = YES;
				CLANG_WARN_BLOCK_CAPTURE_AUTORELEASING = YES;
				CLANG_WARN_BOOL_CONVERSION = YES;
				CLANG_WARN_COMMA = YES;
				CLANG_WARN_CONSTANT_CONVERSION = YES;
				CLANG_WARN_DEPRECATED_OBJC_IMPLEMENTATIONS = YES;
				CLANG_WARN_DIRECT_OBJC_ISA_USAGE = YES_ERROR;
				CLANG_WARN_DOCUMENTATION_COMMENTS = YES;
				CLANG_WARN_EMPTY_BODY = YES;
				CLANG_WARN_ENUM_CONVERSION = YES;
				CLANG_WARN_INFINITE_RECURSION = YES;
				CLANG_WARN_INT_CONVERSION = YES;
				CLANG_WARN_NON_LITERAL_NULL_CONVERSION = YES;
				CLANG_WARN_OBJC_IMPLICIT_RETAIN_SELF = YES;
				CLANG_WARN_OBJC_LITERAL_CONVERSION = YES;
				CLANG_WARN_OBJC_ROOT_CLASS = YES_ERROR;
				CLANG_WARN_QUOTED_INCLUDE_IN_FRAMEWORK_HEADER = YES;
				CLANG_WARN_RANGE_LOOP_ANALYSIS = YES;
				CLANG_WARN_STRICT_PROTOTYPES = YES;
				CLANG_WARN_SUSPICIOUS_MOVE = YES;
				CLANG_WARN_UNGUARDED_AVAILABILITY = YES_AGGRESSIVE;
				CLANG_WARN_UNREACHABLE_CODE = YES;
				CLANG_WARN__DUPLICATE_METHOD_MATCH = YES;
				COPY_PHASE_STRIP = NO;
				DEBUG_INFORMATION_FORMAT = "dwarf-with-dsym";
				ENABLE_NS_ASSERTIONS = NO;
				ENABLE_STRICT_OBJC_MSGSEND = YES;
				ENABLE_USER_SCRIPT_SANDBOXING = YES;
				GCC_C_LANGUAGE_STANDARD = gnu17;
				GCC_NO_COMMON_BLOCKS = YES;
				GCC_WARN_64_TO_32_BIT_CONVERSION = YES;
				GCC_WARN_ABOUT_RETURN_TYPE = YES_ERROR;
				GCC_WARN_UNDECLARED_SELECTOR = YES;
				GCC_WARN_UNINITIALIZED_AUTOS = YES_AGGRESSIVE;
				GCC_WARN_UNUSED_FUNCTION = YES;
				GCC_WARN_UNUSED_VARIABLE = YES;
				LOCALIZATION_PREFERS_STRING_CATALOGS = YES;
				MTL_ENABLE_DEBUG_INFO = NO;
				MTL_FAST_MATH = YES;
				SWIFT_COMPILATION_MODE = wholemodule;
			};
			name = Release;
		};
		FBF0A3D62E6747F900BEAB3C /* Debug */ = {
			isa = XCBuildConfiguration;
			buildSettings = {
				ASSETCATALOG_COMPILER_APPICON_NAME = AppIcon;
				ASSETCATALOG_COMPILER_GLOBAL_ACCENT_COLOR_NAME = AccentColor;
				CODE_SIGN_ENTITLEMENTS = "Challenge-Cat-API/Challenge_Cat_API.entitlements";
				CODE_SIGN_STYLE = Automatic;
				CURRENT_PROJECT_VERSION = 1;
				ENABLE_PREVIEWS = YES;
				GENERATE_INFOPLIST_FILE = YES;
				INFOPLIST_KEY_CFBundleDisplayName = "Cat API";
				"INFOPLIST_KEY_UIApplicationSceneManifest_Generation[sdk=iphoneos*]" = YES;
				"INFOPLIST_KEY_UIApplicationSceneManifest_Generation[sdk=iphonesimulator*]" = YES;
				"INFOPLIST_KEY_UIApplicationSupportsIndirectInputEvents[sdk=iphoneos*]" = YES;
				"INFOPLIST_KEY_UIApplicationSupportsIndirectInputEvents[sdk=iphonesimulator*]" = YES;
				"INFOPLIST_KEY_UILaunchScreen_Generation[sdk=iphoneos*]" = YES;
				"INFOPLIST_KEY_UILaunchScreen_Generation[sdk=iphonesimulator*]" = YES;
				"INFOPLIST_KEY_UIStatusBarStyle[sdk=iphoneos*]" = UIStatusBarStyleDefault;
				"INFOPLIST_KEY_UIStatusBarStyle[sdk=iphonesimulator*]" = UIStatusBarStyleDefault;
				INFOPLIST_KEY_UISupportedInterfaceOrientations_iPad = "UIInterfaceOrientationPortrait UIInterfaceOrientationPortraitUpsideDown UIInterfaceOrientationLandscapeLeft UIInterfaceOrientationLandscapeRight";
				INFOPLIST_KEY_UISupportedInterfaceOrientations_iPhone = "UIInterfaceOrientationPortrait UIInterfaceOrientationLandscapeLeft UIInterfaceOrientationLandscapeRight";
				IPHONEOS_DEPLOYMENT_TARGET = 18.5;
				LD_RUNPATH_SEARCH_PATHS = "@executable_path/Frameworks";
				"LD_RUNPATH_SEARCH_PATHS[sdk=macosx*]" = "@executable_path/../Frameworks";
				MACOSX_DEPLOYMENT_TARGET = 15.5;
				MARKETING_VERSION = 1.0;
				PRODUCT_BUNDLE_IDENTIFIER = "ClaudiaPinto.Challenge-Cat-API";
				PRODUCT_NAME = "$(TARGET_NAME)";
				REGISTER_APP_GROUPS = YES;
				SDKROOT = auto;
				SUPPORTED_PLATFORMS = "iphoneos iphonesimulator macosx xros xrsimulator";
				SWIFT_EMIT_LOC_STRINGS = YES;
				SWIFT_VERSION = 5.0;
				TARGETED_DEVICE_FAMILY = "1,2,7";
				XROS_DEPLOYMENT_TARGET = 2.5;
			};
			name = Debug;
		};
		FBF0A3D72E6747F900BEAB3C /* Release */ = {
			isa = XCBuildConfiguration;
			buildSettings = {
				ASSETCATALOG_COMPILER_APPICON_NAME = AppIcon;
				ASSETCATALOG_COMPILER_GLOBAL_ACCENT_COLOR_NAME = AccentColor;
				CODE_SIGN_ENTITLEMENTS = "Challenge-Cat-API/Challenge_Cat_API.entitlements";
				CODE_SIGN_STYLE = Automatic;
				CURRENT_PROJECT_VERSION = 1;
				ENABLE_PREVIEWS = YES;
				GENERATE_INFOPLIST_FILE = YES;
				INFOPLIST_KEY_CFBundleDisplayName = "Cat API";
				"INFOPLIST_KEY_UIApplicationSceneManifest_Generation[sdk=iphoneos*]" = YES;
				"INFOPLIST_KEY_UIApplicationSceneManifest_Generation[sdk=iphonesimulator*]" = YES;
				"INFOPLIST_KEY_UIApplicationSupportsIndirectInputEvents[sdk=iphoneos*]" = YES;
				"INFOPLIST_KEY_UIApplicationSupportsIndirectInputEvents[sdk=iphonesimulator*]" = YES;
				"INFOPLIST_KEY_UILaunchScreen_Generation[sdk=iphoneos*]" = YES;
				"INFOPLIST_KEY_UILaunchScreen_Generation[sdk=iphonesimulator*]" = YES;
				"INFOPLIST_KEY_UIStatusBarStyle[sdk=iphoneos*]" = UIStatusBarStyleDefault;
				"INFOPLIST_KEY_UIStatusBarStyle[sdk=iphonesimulator*]" = UIStatusBarStyleDefault;
				INFOPLIST_KEY_UISupportedInterfaceOrientations_iPad = "UIInterfaceOrientationPortrait UIInterfaceOrientationPortraitUpsideDown UIInterfaceOrientationLandscapeLeft UIInterfaceOrientationLandscapeRight";
				INFOPLIST_KEY_UISupportedInterfaceOrientations_iPhone = "UIInterfaceOrientationPortrait UIInterfaceOrientationLandscapeLeft UIInterfaceOrientationLandscapeRight";
				IPHONEOS_DEPLOYMENT_TARGET = 18.5;
				LD_RUNPATH_SEARCH_PATHS = "@executable_path/Frameworks";
				"LD_RUNPATH_SEARCH_PATHS[sdk=macosx*]" = "@executable_path/../Frameworks";
				MACOSX_DEPLOYMENT_TARGET = 15.5;
				MARKETING_VERSION = 1.0;
				PRODUCT_BUNDLE_IDENTIFIER = "ClaudiaPinto.Challenge-Cat-API";
				PRODUCT_NAME = "$(TARGET_NAME)";
				REGISTER_APP_GROUPS = YES;
				SDKROOT = auto;
				SUPPORTED_PLATFORMS = "iphoneos iphonesimulator macosx xros xrsimulator";
				SWIFT_EMIT_LOC_STRINGS = YES;
				SWIFT_VERSION = 5.0;
				TARGETED_DEVICE_FAMILY = "1,2,7";
				XROS_DEPLOYMENT_TARGET = 2.5;
			};
			name = Release;
		};
		FBF0A3D92E6747F900BEAB3C /* Debug */ = {
			isa = XCBuildConfiguration;
			buildSettings = {
				BUNDLE_LOADER = "$(TEST_HOST)";
				CODE_SIGN_STYLE = Automatic;
				CURRENT_PROJECT_VERSION = 1;
				GENERATE_INFOPLIST_FILE = YES;
				IPHONEOS_DEPLOYMENT_TARGET = 18.5;
				MACOSX_DEPLOYMENT_TARGET = 15.5;
				MARKETING_VERSION = 1.0;
				PRODUCT_BUNDLE_IDENTIFIER = "ClaudiaPinto.Challenge-Cat-APITests";
				PRODUCT_NAME = "$(TARGET_NAME)";
				SDKROOT = auto;
				SUPPORTED_PLATFORMS = "iphoneos iphonesimulator macosx xros xrsimulator";
				SWIFT_EMIT_LOC_STRINGS = NO;
				SWIFT_VERSION = 5.0;
				TARGETED_DEVICE_FAMILY = "1,2,7";
				TEST_HOST = "$(BUILT_PRODUCTS_DIR)/Challenge-Cat-API.app/$(BUNDLE_EXECUTABLE_FOLDER_PATH)/Challenge-Cat-API";
				XROS_DEPLOYMENT_TARGET = 2.5;
			};
			name = Debug;
		};
		FBF0A3DA2E6747F900BEAB3C /* Release */ = {
			isa = XCBuildConfiguration;
			buildSettings = {
				BUNDLE_LOADER = "$(TEST_HOST)";
				CODE_SIGN_STYLE = Automatic;
				CURRENT_PROJECT_VERSION = 1;
				GENERATE_INFOPLIST_FILE = YES;
				IPHONEOS_DEPLOYMENT_TARGET = 18.5;
				MACOSX_DEPLOYMENT_TARGET = 15.5;
				MARKETING_VERSION = 1.0;
				PRODUCT_BUNDLE_IDENTIFIER = "ClaudiaPinto.Challenge-Cat-APITests";
				PRODUCT_NAME = "$(TARGET_NAME)";
				SDKROOT = auto;
				SUPPORTED_PLATFORMS = "iphoneos iphonesimulator macosx xros xrsimulator";
				SWIFT_EMIT_LOC_STRINGS = NO;
				SWIFT_VERSION = 5.0;
				TARGETED_DEVICE_FAMILY = "1,2,7";
				TEST_HOST = "$(BUILT_PRODUCTS_DIR)/Challenge-Cat-API.app/$(BUNDLE_EXECUTABLE_FOLDER_PATH)/Challenge-Cat-API";
				XROS_DEPLOYMENT_TARGET = 2.5;
			};
			name = Release;
		};
		FBF0A3DC2E6747F900BEAB3C /* Debug */ = {
			isa = XCBuildConfiguration;
			buildSettings = {
				CODE_SIGN_STYLE = Automatic;
				CURRENT_PROJECT_VERSION = 1;
				GENERATE_INFOPLIST_FILE = YES;
				IPHONEOS_DEPLOYMENT_TARGET = 18.5;
				MACOSX_DEPLOYMENT_TARGET = 15.5;
				MARKETING_VERSION = 1.0;
				PRODUCT_BUNDLE_IDENTIFIER = "ClaudiaPinto.Challenge-Cat-APIUITests";
				PRODUCT_NAME = "$(TARGET_NAME)";
				SDKROOT = auto;
				SUPPORTED_PLATFORMS = "iphoneos iphonesimulator macosx xros xrsimulator";
				SWIFT_EMIT_LOC_STRINGS = NO;
				SWIFT_VERSION = 5.0;
				TARGETED_DEVICE_FAMILY = "1,2,7";
				TEST_TARGET_NAME = "Challenge-Cat-API";
				XROS_DEPLOYMENT_TARGET = 2.5;
			};
			name = Debug;
		};
		FBF0A3DD2E6747F900BEAB3C /* Release */ = {
			isa = XCBuildConfiguration;
			buildSettings = {
				CODE_SIGN_STYLE = Automatic;
				CURRENT_PROJECT_VERSION = 1;
				GENERATE_INFOPLIST_FILE = YES;
				IPHONEOS_DEPLOYMENT_TARGET = 18.5;
				MACOSX_DEPLOYMENT_TARGET = 15.5;
				MARKETING_VERSION = 1.0;
				PRODUCT_BUNDLE_IDENTIFIER = "ClaudiaPinto.Challenge-Cat-APIUITests";
				PRODUCT_NAME = "$(TARGET_NAME)";
				SDKROOT = auto;
				SUPPORTED_PLATFORMS = "iphoneos iphonesimulator macosx xros xrsimulator";
				SWIFT_EMIT_LOC_STRINGS = NO;
				SWIFT_VERSION = 5.0;
				TARGETED_DEVICE_FAMILY = "1,2,7";
				TEST_TARGET_NAME = "Challenge-Cat-API";
				XROS_DEPLOYMENT_TARGET = 2.5;
			};
			name = Release;
		};
/* End XCBuildConfiguration section */

/* Begin XCConfigurationList section */
		FBF0A3A92E6747F700BEAB3C /* Build configuration list for PBXProject "Challenge-Cat-API" */ = {
			isa = XCConfigurationList;
			buildConfigurations = (
				FBF0A3D32E6747F900BEAB3C /* Debug */,
				FBF0A3D42E6747F900BEAB3C /* Release */,
			);
			defaultConfigurationIsVisible = 0;
			defaultConfigurationName = Release;
		};
		FBF0A3D52E6747F900BEAB3C /* Build configuration list for PBXNativeTarget "Challenge-Cat-API" */ = {
			isa = XCConfigurationList;
			buildConfigurations = (
				FBF0A3D62E6747F900BEAB3C /* Debug */,
				FBF0A3D72E6747F900BEAB3C /* Release */,
			);
			defaultConfigurationIsVisible = 0;
			defaultConfigurationName = Release;
		};
		FBF0A3D82E6747F900BEAB3C /* Build configuration list for PBXNativeTarget "Challenge-Cat-APITests" */ = {
			isa = XCConfigurationList;
			buildConfigurations = (
				FBF0A3D92E6747F900BEAB3C /* Debug */,
				FBF0A3DA2E6747F900BEAB3C /* Release */,
			);
			defaultConfigurationIsVisible = 0;
			defaultConfigurationName = Release;
		};
		FBF0A3DB2E6747F900BEAB3C /* Build configuration list for PBXNativeTarget "Challenge-Cat-APIUITests" */ = {
			isa = XCConfigurationList;
			buildConfigurations = (
				FBF0A3DC2E6747F900BEAB3C /* Debug */,
				FBF0A3DD2E6747F900BEAB3C /* Release */,
			);
			defaultConfigurationIsVisible = 0;
			defaultConfigurationName = Release;
		};
/* End XCConfigurationList section */

/* Begin XCRemoteSwiftPackageReference section */
		FBF0A4152E67911B00BEAB3C /* XCRemoteSwiftPackageReference "swift-composable-architecture" */ = {
			isa = XCRemoteSwiftPackageReference;
			repositoryURL = "https://github.com/pointfreeco/swift-composable-architecture";
			requirement = {
				kind = upToNextMajorVersion;
				minimumVersion = 1.22.2;
			};
		};
/* End XCRemoteSwiftPackageReference section */

/* Begin XCSwiftPackageProductDependency section */
		FBF0A4162E67911B00BEAB3C /* ComposableArchitecture */ = {
			isa = XCSwiftPackageProductDependency;
			package = FBF0A4152E67911B00BEAB3C /* XCRemoteSwiftPackageReference "swift-composable-architecture" */;
			productName = ComposableArchitecture;
		};
/* End XCSwiftPackageProductDependency section */
	};
	rootObject = FBF0A3A62E6747F700BEAB3C /* Project object */;
}
